%{"aleppo": {:git, "https://github.com/ChicagoBoss/aleppo.git", "381abaee108637f8df87c556d46ec7a471e8169f", [branch: "master"]},
  "mix_eunit": {:hex, :mix_eunit, "0.1.1"},
  "quaff": {:git, "https://github.com/dantswain/quaff", "180e3825dc0452751b65d297163de80b25c2b4ae", [branch: "fix_travis"]},
  "thrift": {:git, "https://github.com/apache/thrift", "591e20f9636c37527a70dc03598218c3468a0eff", [tag: "0.9.2"]}}
